
Microsoft Visual Studio Solution File, Format Version 12.00
# Visual Studio Version 17
VisualStudioVersion = 17.14.36414.22 d17.14
MinimumVisualStudioVersion = 10.0.40219.1
Project("{FAE04EC0-301F-11D3-BF4B-00C04F79EFBC}") = "FountainCourtResidents", "FountainCourtResidents\FountainCourtResidents.csproj", "{C62FEEA9-5780-4494-A489-311544F2EE43}"
EndProject
Global
	GlobalSection(SolutionConfigurationPlatforms) = preSolution
		Debug|Any CPU = Debug|Any CPU
		Release|Any CPU = Release|Any CPU
	EndGlobalSection
	GlobalSection(ProjectConfigurationPlatforms) = postSolution
		{C62FEEA9-5780-4494-A489-311544F2EE43}.Debug|Any CPU.ActiveCfg = Debug|Any CPU
		{C62FEEA9-5780-4494-A489-311544F2EE43}.Debug|Any CPU.Build.0 = Debug|Any CPU
		{C62FEEA9-5780-4494-A489-311544F2EE43}.Release|Any CPU.ActiveCfg = Release|Any CPU
		{C62FEEA9-5780-4494-A489-311544F2EE43}.Release|Any CPU.Build.0 = Release|Any CPU
	EndGlobalSection
	GlobalSection(SolutionProperties) = preSolution
		HideSolutionNode = FALSE
	EndGlobalSection
	GlobalSection(ExtensibilityGlobals) = postSolution
		SolutionGuid = {3C4FB679-49B2-4B46-9AE5-D88D98E9D7A6}
	EndGlobalSection
EndGlobal
